
Microsoft Visual Studio Solution File, Format Version 12.00
# Visual Studio Version 16
VisualStudioVersion = 25.0.1705.3
MinimumVisualStudioVersion = 10.0.40219.1
Project("{FAE04EC0-301F-11D3-BF4B-00C04F79EFBC}") = "1", "1.csproj", "{960667BC-99B7-4864-87F5-A22366E759D5}"
EndProject
Global
	GlobalSection(SolutionConfigurationPlatforms) = preSolution
		Debug|Any CPU = Debug|Any CPU
		Release|Any CPU = Release|Any CPU
	EndGlobalSection
	GlobalSection(ProjectConfigurationPlatforms) = postSolution
		{960667BC-99B7-4864-87F5-A22366E759D5}.Debug|Any CPU.ActiveCfg = Debug|Any CPU
		{960667BC-99B7-4864-87F5-A22366E759D5}.Debug|Any CPU.Build.0 = Debug|Any CPU
		{960667BC-99B7-4864-87F5-A22366E759D5}.Release|Any CPU.ActiveCfg = Release|Any CPU
		{960667BC-99B7-4864-87F5-A22366E759D5}.Release|Any CPU.Build.0 = Release|Any CPU
	EndGlobalSection
	GlobalSection(SolutionProperties) = preSolution
		HideSolutionNode = FALSE
	EndGlobalSection
	GlobalSection(ExtensibilityGlobals) = postSolution
		SolutionGuid = {F935DDC0-BFE3-4381-BCE9-500096CB94B0}
	EndGlobalSection
EndGlobal
